// !$*UTF8*$!
{
	archiveVersion = 1;
	classes = {
	};
	objectVersion = 46;
	objects = {

/* Begin PBXBuildFile section */
		C509ADF21CF8362F00671169 /* DraggableImageViewVC.swift in Sources */ = {isa = PBXBuildFile; fileRef = C509ADF11CF8362F00671169 /* DraggableImageViewVC.swift */; };
		C540969D1BDFCDC200C4F59A /* Secondary.storyboard in Resources */ = {isa = PBXBuildFile; fileRef = C540969C1BDFCDC200C4F59A /* Secondary.storyboard */; };
		C54096A01BDFCF2C00C4F59A /* DynamicCollectionVC.swift in Sources */ = {isa = PBXBuildFile; fileRef = C540969F1BDFCF2C00C4F59A /* DynamicCollectionVC.swift */; };
		C54096A21BDFCF8700C4F59A /* DynamicCell.swift in Sources */ = {isa = PBXBuildFile; fileRef = C54096A11BDFCF8700C4F59A /* DynamicCell.swift */; };
		C54096A41BDFD09500C4F59A /* DynamicFlowLayout.swift in Sources */ = {isa = PBXBuildFile; fileRef = C54096A31BDFD09500C4F59A /* DynamicFlowLayout.swift */; };
		C55201441BD0DE7C007D96FE /* main.m in Sources */ = {isa = PBXBuildFile; fileRef = C55201431BD0DE7C007D96FE /* main.m */; };
		C55201471BD0DE7C007D96FE /* AppDelegate.m in Sources */ = {isa = PBXBuildFile; fileRef = C55201461BD0DE7C007D96FE /* AppDelegate.m */; };
		C552014A1BD0DE7C007D96FE /* ContainerForModalVC.m in Sources */ = {isa = PBXBuildFile; fileRef = C55201491BD0DE7C007D96FE /* ContainerForModalVC.m */; };
		C552014D1BD0DE7C007D96FE /* Main.storyboard in Resources */ = {isa = PBXBuildFile; fileRef = C552014B1BD0DE7C007D96FE /* Main.storyboard */; };
		C552014F1BD0DE7C007D96FE /* Assets.xcassets in Resources */ = {isa = PBXBuildFile; fileRef = C552014E1BD0DE7C007D96FE /* Assets.xcassets */; };
		C55201521BD0DE7C007D96FE /* LaunchScreen.storyboard in Resources */ = {isa = PBXBuildFile; fileRef = C55201501BD0DE7C007D96FE /* LaunchScreen.storyboard */; };
		C552015D1BD0DE7C007D96FE /* DynamicAnimatorExperimentsTests.m in Sources */ = {isa = PBXBuildFile; fileRef = C552015C1BD0DE7C007D96FE /* DynamicAnimatorExperimentsTests.m */; };
		C55201681BD0DE7C007D96FE /* DynamicAnimatorExperimentsUITests.m in Sources */ = {isa = PBXBuildFile; fileRef = C55201671BD0DE7C007D96FE /* DynamicAnimatorExperimentsUITests.m */; };
		C55201791BD10A3E007D96FE /* DynamicAlertVC.swift in Sources */ = {isa = PBXBuildFile; fileRef = C55201781BD10A3E007D96FE /* DynamicAlertVC.swift */; };
		C552017A1BD10A3E007D96FE /* DynamicAlertVC.swift in Sources */ = {isa = PBXBuildFile; fileRef = C55201781BD10A3E007D96FE /* DynamicAlertVC.swift */; };
		C552017B1BD10A3E007D96FE /* DynamicAlertVC.swift in Sources */ = {isa = PBXBuildFile; fileRef = C55201781BD10A3E007D96FE /* DynamicAlertVC.swift */; };
		C55201821BD10C91007D96FE /* DynamicAlertAnimatedTrans.swift in Sources */ = {isa = PBXBuildFile; fileRef = C55201811BD10C91007D96FE /* DynamicAlertAnimatedTrans.swift */; };
		C55201831BD10C91007D96FE /* DynamicAlertAnimatedTrans.swift in Sources */ = {isa = PBXBuildFile; fileRef = C55201811BD10C91007D96FE /* DynamicAlertAnimatedTrans.swift */; };
		C55201841BD10C91007D96FE /* DynamicAlertAnimatedTrans.swift in Sources */ = {isa = PBXBuildFile; fileRef = C55201811BD10C91007D96FE /* DynamicAlertAnimatedTrans.swift */; };
		C55201861BD114A3007D96FE /* DynamicAlertPresentationC.swift in Sources */ = {isa = PBXBuildFile; fileRef = C55201851BD114A3007D96FE /* DynamicAlertPresentationC.swift */; };
		C55201871BD114A3007D96FE /* DynamicAlertPresentationC.swift in Sources */ = {isa = PBXBuildFile; fileRef = C55201851BD114A3007D96FE /* DynamicAlertPresentationC.swift */; };
		C55201881BD114A3007D96FE /* DynamicAlertPresentationC.swift in Sources */ = {isa = PBXBuildFile; fileRef = C55201851BD114A3007D96FE /* DynamicAlertPresentationC.swift */; };
		C552018A1BD11531007D96FE /* DynamicAlertTransitionDelegate.swift in Sources */ = {isa = PBXBuildFile; fileRef = C55201891BD11531007D96FE /* DynamicAlertTransitionDelegate.swift */; };
		C552018B1BD11531007D96FE /* DynamicAlertTransitionDelegate.swift in Sources */ = {isa = PBXBuildFile; fileRef = C55201891BD11531007D96FE /* DynamicAlertTransitionDelegate.swift */; };
		C552018C1BD11531007D96FE /* DynamicAlertTransitionDelegate.swift in Sources */ = {isa = PBXBuildFile; fileRef = C55201891BD11531007D96FE /* DynamicAlertTransitionDelegate.swift */; };
		C5B25B431BDE3F2200A96B2A /* TopVC.swift in Sources */ = {isa = PBXBuildFile; fileRef = C5B25B421BDE3F2200A96B2A /* TopVC.swift */; };
		C5B25B471BDE3F5700A96B2A /* ContainerVC.swift in Sources */ = {isa = PBXBuildFile; fileRef = C5B25B461BDE3F5700A96B2A /* ContainerVC.swift */; };
/* End PBXBuildFile section */

/* Begin PBXContainerItemProxy section */
		C55201591BD0DE7C007D96FE /* PBXContainerItemProxy */ = {
			isa = PBXContainerItemProxy;
			containerPortal = C55201371BD0DE7C007D96FE /* Project object */;
			proxyType = 1;
			remoteGlobalIDString = C552013E1BD0DE7C007D96FE;
			remoteInfo = DynamicAnimatorExperiments;
		};
		C55201641BD0DE7C007D96FE /* PBXContainerItemProxy */ = {
			isa = PBXContainerItemProxy;
			containerPortal = C55201371BD0DE7C007D96FE /* Project object */;
			proxyType = 1;
			remoteGlobalIDString = C552013E1BD0DE7C007D96FE;
			remoteInfo = DynamicAnimatorExperiments;
		};
/* End PBXContainerItemProxy section */

/* Begin PBXFileReference section */
		C509ADF11CF8362F00671169 /* DraggableImageViewVC.swift */ = {isa = PBXFileReference; fileEncoding = 4; lastKnownFileType = sourcecode.swift; path = DraggableImageViewVC.swift; sourceTree = "<group>"; };
		C540969C1BDFCDC200C4F59A /* Secondary.storyboard */ = {isa = PBXFileReference; fileEncoding = 4; lastKnownFileType = file.storyboard; path = Secondary.storyboard; sourceTree = "<group>"; };
		C540969F1BDFCF2C00C4F59A /* DynamicCollectionVC.swift */ = {isa = PBXFileReference; fileEncoding = 4; lastKnownFileType = sourcecode.swift; path = DynamicCollectionVC.swift; sourceTree = "<group>"; };
		C54096A11BDFCF8700C4F59A /* DynamicCell.swift */ = {isa = PBXFileReference; fileEncoding = 4; lastKnownFileType = sourcecode.swift; path = DynamicCell.swift; sourceTree = "<group>"; };
		C54096A31BDFD09500C4F59A /* DynamicFlowLayout.swift */ = {isa = PBXFileReference; fileEncoding = 4; lastKnownFileType = sourcecode.swift; path = DynamicFlowLayout.swift; sourceTree = "<group>"; };
		C552013F1BD0DE7C007D96FE /* DynamicAnimatorExperiments.app */ = {isa = PBXFileReference; explicitFileType = wrapper.application; includeInIndex = 0; path = DynamicAnimatorExperiments.app; sourceTree = BUILT_PRODUCTS_DIR; };
		C55201431BD0DE7C007D96FE /* main.m */ = {isa = PBXFileReference; lastKnownFileType = sourcecode.c.objc; path = main.m; sourceTree = "<group>"; };
		C55201451BD0DE7C007D96FE /* AppDelegate.h */ = {isa = PBXFileReference; lastKnownFileType = sourcecode.c.h; path = AppDelegate.h; sourceTree = "<group>"; };
		C55201461BD0DE7C007D96FE /* AppDelegate.m */ = {isa = PBXFileReference; lastKnownFileType = sourcecode.c.objc; path = AppDelegate.m; sourceTree = "<group>"; };
		C55201481BD0DE7C007D96FE /* ContainerForModalVC.h */ = {isa = PBXFileReference; lastKnownFileType = sourcecode.c.h; path = ContainerForModalVC.h; sourceTree = "<group>"; };
		C55201491BD0DE7C007D96FE /* ContainerForModalVC.m */ = {isa = PBXFileReference; lastKnownFileType = sourcecode.c.objc; path = ContainerForModalVC.m; sourceTree = "<group>"; };
		C552014C1BD0DE7C007D96FE /* Base */ = {isa = PBXFileReference; lastKnownFileType = file.storyboard; name = Base; path = Base.lproj/Main.storyboard; sourceTree = "<group>"; };
		C552014E1BD0DE7C007D96FE /* Assets.xcassets */ = {isa = PBXFileReference; lastKnownFileType = folder.assetcatalog; name = Assets.xcassets; path = ../Views/Assets.xcassets; sourceTree = "<group>"; };
		C55201511BD0DE7C007D96FE /* Base */ = {isa = PBXFileReference; lastKnownFileType = file.storyboard; name = Base; path = Base.lproj/LaunchScreen.storyboard; sourceTree = "<group>"; };
		C55201531BD0DE7C007D96FE /* Info.plist */ = {isa = PBXFileReference; lastKnownFileType = text.plist.xml; path = Info.plist; sourceTree = "<group>"; };
		C55201581BD0DE7C007D96FE /* DynamicAnimatorExperimentsTests.xctest */ = {isa = PBXFileReference; explicitFileType = wrapper.cfbundle; includeInIndex = 0; path = DynamicAnimatorExperimentsTests.xctest; sourceTree = BUILT_PRODUCTS_DIR; };
		C552015C1BD0DE7C007D96FE /* DynamicAnimatorExperimentsTests.m */ = {isa = PBXFileReference; lastKnownFileType = sourcecode.c.objc; path = DynamicAnimatorExperimentsTests.m; sourceTree = "<group>"; };
		C552015E1BD0DE7C007D96FE /* Info.plist */ = {isa = PBXFileReference; lastKnownFileType = text.plist.xml; path = Info.plist; sourceTree = "<group>"; };
		C55201631BD0DE7C007D96FE /* DynamicAnimatorExperimentsUITests.xctest */ = {isa = PBXFileReference; explicitFileType = wrapper.cfbundle; includeInIndex = 0; path = DynamicAnimatorExperimentsUITests.xctest; sourceTree = BUILT_PRODUCTS_DIR; };
		C55201671BD0DE7C007D96FE /* DynamicAnimatorExperimentsUITests.m */ = {isa = PBXFileReference; lastKnownFileType = sourcecode.c.objc; path = DynamicAnimatorExperimentsUITests.m; sourceTree = "<group>"; };
		C55201691BD0DE7C007D96FE /* Info.plist */ = {isa = PBXFileReference; lastKnownFileType = text.plist.xml; path = Info.plist; sourceTree = "<group>"; };
		C55201751BD10A3E007D96FE /* DynamicAnimatorExperiments-Bridging-Header.h */ = {isa = PBXFileReference; lastKnownFileType = sourcecode.c.h; path = "DynamicAnimatorExperiments-Bridging-Header.h"; sourceTree = "<group>"; };
		C55201761BD10A3E007D96FE /* DynamicAnimatorExperimentsTests-Bridging-Header.h */ = {isa = PBXFileReference; lastKnownFileType = sourcecode.c.h; path = "DynamicAnimatorExperimentsTests-Bridging-Header.h"; sourceTree = "<group>"; };
		C55201771BD10A3E007D96FE /* DynamicAnimatorExperimentsUITests-Bridging-Header.h */ = {isa = PBXFileReference; lastKnownFileType = sourcecode.c.h; path = "DynamicAnimatorExperimentsUITests-Bridging-Header.h"; sourceTree = "<group>"; };
		C55201781BD10A3E007D96FE /* DynamicAlertVC.swift */ = {isa = PBXFileReference; fileEncoding = 4; lastKnownFileType = sourcecode.swift; path = DynamicAlertVC.swift; sourceTree = "<group>"; };
		C55201811BD10C91007D96FE /* DynamicAlertAnimatedTrans.swift */ = {isa = PBXFileReference; fileEncoding = 4; lastKnownFileType = sourcecode.swift; path = DynamicAlertAnimatedTrans.swift; sourceTree = "<group>"; };
		C55201851BD114A3007D96FE /* DynamicAlertPresentationC.swift */ = {isa = PBXFileReference; fileEncoding = 4; lastKnownFileType = sourcecode.swift; path = DynamicAlertPresentationC.swift; sourceTree = "<group>"; };
		C55201891BD11531007D96FE /* DynamicAlertTransitionDelegate.swift */ = {isa = PBXFileReference; fileEncoding = 4; lastKnownFileType = sourcecode.swift; path = DynamicAlertTransitionDelegate.swift; sourceTree = "<group>"; };
		C5B25B421BDE3F2200A96B2A /* TopVC.swift */ = {isa = PBXFileReference; fileEncoding = 4; lastKnownFileType = sourcecode.swift; path = TopVC.swift; sourceTree = "<group>"; };
		C5B25B461BDE3F5700A96B2A /* ContainerVC.swift */ = {isa = PBXFileReference; fileEncoding = 4; lastKnownFileType = sourcecode.swift; path = ContainerVC.swift; sourceTree = "<group>"; };
/* End PBXFileReference section */

/* Begin PBXFrameworksBuildPhase section */
		C552013C1BD0DE7C007D96FE /* Frameworks */ = {
			isa = PBXFrameworksBuildPhase;
			buildActionMask = 2147483647;
			files = (
			);
			runOnlyForDeploymentPostprocessing = 0;
		};
		C55201551BD0DE7C007D96FE /* Frameworks */ = {
			isa = PBXFrameworksBuildPhase;
			buildActionMask = 2147483647;
			files = (
			);
			runOnlyForDeploymentPostprocessing = 0;
		};
		C55201601BD0DE7C007D96FE /* Frameworks */ = {
			isa = PBXFrameworksBuildPhase;
			buildActionMask = 2147483647;
			files = (
			);
			runOnlyForDeploymentPostprocessing = 0;
		};
/* End PBXFrameworksBuildPhase section */

/* Begin PBXGroup section */
		C509ADF01CF8361F00671169 /* DraggableImageView */ = {
			isa = PBXGroup;
			children = (
				C509ADF11CF8362F00671169 /* DraggableImageViewVC.swift */,
			);
			path = DraggableImageView;
			sourceTree = "<group>";
		};
		C540969A1BDFCD8E00C4F59A /* Views */ = {
			isa = PBXGroup;
			children = (
				C55201501BD0DE7C007D96FE /* LaunchScreen.storyboard */,
				C552014B1BD0DE7C007D96FE /* Main.storyboard */,
				C540969C1BDFCDC200C4F59A /* Secondary.storyboard */,
			);
			path = Views;
			sourceTree = "<group>";
		};
		C540969B1BDFCD9400C4F59A /* Controllers */ = {
			isa = PBXGroup;
			children = (
				C552017C1BD10B06007D96FE /* DynamicAlertVC */,
				C540969E1BDFCE5200C4F59A /* DynamicCollectionView */,
				C5B25B411BDE3BDA00A96B2A /* SideDynamicMenu */,
				C509ADF01CF8361F00671169 /* DraggableImageView */,
			);
			path = Controllers;
			sourceTree = "<group>";
		};
		C540969E1BDFCE5200C4F59A /* DynamicCollectionView */ = {
			isa = PBXGroup;
			children = (
				C54096A11BDFCF8700C4F59A /* DynamicCell.swift */,
				C540969F1BDFCF2C00C4F59A /* DynamicCollectionVC.swift */,
				C54096A31BDFD09500C4F59A /* DynamicFlowLayout.swift */,
			);
			path = DynamicCollectionView;
			sourceTree = "<group>";
		};
		C55201361BD0DE7C007D96FE = {
			isa = PBXGroup;
			children = (
				C55201411BD0DE7C007D96FE /* DynamicAnimatorExperiments */,
				C552015B1BD0DE7C007D96FE /* DynamicAnimatorExperimentsTests */,
				C55201661BD0DE7C007D96FE /* DynamicAnimatorExperimentsUITests */,
				C55201401BD0DE7C007D96FE /* Products */,
			);
			sourceTree = "<group>";
		};
		C55201401BD0DE7C007D96FE /* Products */ = {
			isa = PBXGroup;
			children = (
				C552013F1BD0DE7C007D96FE /* DynamicAnimatorExperiments.app */,
				C55201581BD0DE7C007D96FE /* DynamicAnimatorExperimentsTests.xctest */,
				C55201631BD0DE7C007D96FE /* DynamicAnimatorExperimentsUITests.xctest */,
			);
			name = Products;
			sourceTree = "<group>";
		};
		C55201411BD0DE7C007D96FE /* DynamicAnimatorExperiments */ = {
			isa = PBXGroup;
			children = (
				C540969B1BDFCD9400C4F59A /* Controllers */,
				C55201421BD0DE7C007D96FE /* Supporting Files */,
				C540969A1BDFCD8E00C4F59A /* Views */,
				C55201451BD0DE7C007D96FE /* AppDelegate.h */,
				C55201461BD0DE7C007D96FE /* AppDelegate.m */,
				C55201751BD10A3E007D96FE /* DynamicAnimatorExperiments-Bridging-Header.h */,
				C55201761BD10A3E007D96FE /* DynamicAnimatorExperimentsTests-Bridging-Header.h */,
				C55201771BD10A3E007D96FE /* DynamicAnimatorExperimentsUITests-Bridging-Header.h */,
				C55201531BD0DE7C007D96FE /* Info.plist */,
			);
			path = DynamicAnimatorExperiments;
			sourceTree = "<group>";
		};
		C55201421BD0DE7C007D96FE /* Supporting Files */ = {
			isa = PBXGroup;
			children = (
				C552014E1BD0DE7C007D96FE /* Assets.xcassets */,
				C55201431BD0DE7C007D96FE /* main.m */,
			);
			path = "Supporting Files";
			sourceTree = "<group>";
		};
		C552015B1BD0DE7C007D96FE /* DynamicAnimatorExperimentsTests */ = {
			isa = PBXGroup;
			children = (
				C552015C1BD0DE7C007D96FE /* DynamicAnimatorExperimentsTests.m */,
				C552015E1BD0DE7C007D96FE /* Info.plist */,
			);
			path = DynamicAnimatorExperimentsTests;
			sourceTree = "<group>";
		};
		C55201661BD0DE7C007D96FE /* DynamicAnimatorExperimentsUITests */ = {
			isa = PBXGroup;
			children = (
				C55201671BD0DE7C007D96FE /* DynamicAnimatorExperimentsUITests.m */,
				C55201691BD0DE7C007D96FE /* Info.plist */,
			);
			path = DynamicAnimatorExperimentsUITests;
			sourceTree = "<group>";
		};
		C552017C1BD10B06007D96FE /* DynamicAlertVC */ = {
			isa = PBXGroup;
			children = (
				C552018D1BD115CF007D96FE /* Transition */,
				C55201481BD0DE7C007D96FE /* ContainerForModalVC.h */,
				C55201491BD0DE7C007D96FE /* ContainerForModalVC.m */,
				C55201781BD10A3E007D96FE /* DynamicAlertVC.swift */,
			);
			path = DynamicAlertVC;
			sourceTree = "<group>";
		};
		C552018D1BD115CF007D96FE /* Transition */ = {
			isa = PBXGroup;
			children = (
				C55201811BD10C91007D96FE /* DynamicAlertAnimatedTrans.swift */,
				C55201851BD114A3007D96FE /* DynamicAlertPresentationC.swift */,
				C55201891BD11531007D96FE /* DynamicAlertTransitionDelegate.swift */,
			);
			path = Transition;
			sourceTree = "<group>";
		};
		C5B25B411BDE3BDA00A96B2A /* SideDynamicMenu */ = {
			isa = PBXGroup;
			children = (
				C5B25B461BDE3F5700A96B2A /* ContainerVC.swift */,
				C5B25B421BDE3F2200A96B2A /* TopVC.swift */,
			);
			path = SideDynamicMenu;
			sourceTree = "<group>";
		};
/* End PBXGroup section */

/* Begin PBXNativeTarget section */
		C552013E1BD0DE7C007D96FE /* DynamicAnimatorExperiments */ = {
			isa = PBXNativeTarget;
			buildConfigurationList = C552016C1BD0DE7C007D96FE /* Build configuration list for PBXNativeTarget "DynamicAnimatorExperiments" */;
			buildPhases = (
				C552013B1BD0DE7C007D96FE /* Sources */,
				C552013C1BD0DE7C007D96FE /* Frameworks */,
				C552013D1BD0DE7C007D96FE /* Resources */,
			);
			buildRules = (
			);
			dependencies = (
			);
			name = DynamicAnimatorExperiments;
			productName = DynamicAnimatorExperiments;
			productReference = C552013F1BD0DE7C007D96FE /* DynamicAnimatorExperiments.app */;
			productType = "com.apple.product-type.application";
		};
		C55201571BD0DE7C007D96FE /* DynamicAnimatorExperimentsTests */ = {
			isa = PBXNativeTarget;
			buildConfigurationList = C552016F1BD0DE7C007D96FE /* Build configuration list for PBXNativeTarget "DynamicAnimatorExperimentsTests" */;
			buildPhases = (
				C55201541BD0DE7C007D96FE /* Sources */,
				C55201551BD0DE7C007D96FE /* Frameworks */,
				C55201561BD0DE7C007D96FE /* Resources */,
			);
			buildRules = (
			);
			dependencies = (
				C552015A1BD0DE7C007D96FE /* PBXTargetDependency */,
			);
			name = DynamicAnimatorExperimentsTests;
			productName = DynamicAnimatorExperimentsTests;
			productReference = C55201581BD0DE7C007D96FE /* DynamicAnimatorExperimentsTests.xctest */;
			productType = "com.apple.product-type.bundle.unit-test";
		};
		C55201621BD0DE7C007D96FE /* DynamicAnimatorExperimentsUITests */ = {
			isa = PBXNativeTarget;
			buildConfigurationList = C55201721BD0DE7C007D96FE /* Build configuration list for PBXNativeTarget "DynamicAnimatorExperimentsUITests" */;
			buildPhases = (
				C552015F1BD0DE7C007D96FE /* Sources */,
				C55201601BD0DE7C007D96FE /* Frameworks */,
				C55201611BD0DE7C007D96FE /* Resources */,
			);
			buildRules = (
			);
			dependencies = (
				C55201651BD0DE7C007D96FE /* PBXTargetDependency */,
			);
			name = DynamicAnimatorExperimentsUITests;
			productName = DynamicAnimatorExperimentsUITests;
			productReference = C55201631BD0DE7C007D96FE /* DynamicAnimatorExperimentsUITests.xctest */;
			productType = "com.apple.product-type.bundle.ui-testing";
		};
/* End PBXNativeTarget section */

/* Begin PBXProject section */
		C55201371BD0DE7C007D96FE /* Project object */ = {
			isa = PBXProject;
			attributes = {
				LastSwiftUpdateCheck = 0700;
				LastUpgradeCheck = 0700;
				ORGANIZATIONNAME = "Andrii Kravchenko";
				TargetAttributes = {
					C552013E1BD0DE7C007D96FE = {
						CreatedOnToolsVersion = 7.0.1;
						DevelopmentTeam = 5NBNSZSEH3;
					};
					C55201571BD0DE7C007D96FE = {
						CreatedOnToolsVersion = 7.0.1;
						TestTargetID = C552013E1BD0DE7C007D96FE;
					};
					C55201621BD0DE7C007D96FE = {
						CreatedOnToolsVersion = 7.0.1;
						TestTargetID = C552013E1BD0DE7C007D96FE;
					};
				};
			};
			buildConfigurationList = C552013A1BD0DE7C007D96FE /* Build configuration list for PBXProject "DynamicAnimatorExperiments" */;
			compatibilityVersion = "Xcode 3.2";
			developmentRegion = English;
			hasScannedForEncodings = 0;
			knownRegions = (
				en,
				Base,
			);
			mainGroup = C55201361BD0DE7C007D96FE;
			productRefGroup = C55201401BD0DE7C007D96FE /* Products */;
			projectDirPath = "";
			projectRoot = "";
			targets = (
				C552013E1BD0DE7C007D96FE /* DynamicAnimatorExperiments */,
				C55201571BD0DE7C007D96FE /* DynamicAnimatorExperimentsTests */,
				C55201621BD0DE7C007D96FE /* DynamicAnimatorExperimentsUITests */,
			);
		};
/* End PBXProject section */

/* Begin PBXResourcesBuildPhase section */
		C552013D1BD0DE7C007D96FE /* Resources */ = {
			isa = PBXResourcesBuildPhase;
			buildActionMask = 2147483647;
			files = (
				C55201521BD0DE7C007D96FE /* LaunchScreen.storyboard in Resources */,
				C552014F1BD0DE7C007D96FE /* Assets.xcassets in Resources */,
				C552014D1BD0DE7C007D96FE /* Main.storyboard in Resources */,
				C540969D1BDFCDC200C4F59A /* Secondary.storyboard in Resources */,
			);
			runOnlyForDeploymentPostprocessing = 0;
		};
		C55201561BD0DE7C007D96FE /* Resources */ = {
			isa = PBXResourcesBuildPhase;
			buildActionMask = 2147483647;
			files = (
			);
			runOnlyForDeploymentPostprocessing = 0;
		};
		C55201611BD0DE7C007D96FE /* Resources */ = {
			isa = PBXResourcesBuildPhase;
			buildActionMask = 2147483647;
			files = (
			);
			runOnlyForDeploymentPostprocessing = 0;
		};
/* End PBXResourcesBuildPhase section */

/* Begin PBXSourcesBuildPhase section */
		C552013B1BD0DE7C007D96FE /* Sources */ = {
			isa = PBXSourcesBuildPhase;
			buildActionMask = 2147483647;
			files = (
				C54096A21BDFCF8700C4F59A /* DynamicCell.swift in Sources */,
				C55201821BD10C91007D96FE /* DynamicAlertAnimatedTrans.swift in Sources */,
				C552014A1BD0DE7C007D96FE /* ContainerForModalVC.m in Sources */,
				C5B25B431BDE3F2200A96B2A /* TopVC.swift in Sources */,
				C5B25B471BDE3F5700A96B2A /* ContainerVC.swift in Sources */,
				C54096A41BDFD09500C4F59A /* DynamicFlowLayout.swift in Sources */,
				C552018A1BD11531007D96FE /* DynamicAlertTransitionDelegate.swift in Sources */,
				C55201471BD0DE7C007D96FE /* AppDelegate.m in Sources */,
				C54096A01BDFCF2C00C4F59A /* DynamicCollectionVC.swift in Sources */,
				C55201791BD10A3E007D96FE /* DynamicAlertVC.swift in Sources */,
				C55201861BD114A3007D96FE /* DynamicAlertPresentationC.swift in Sources */,
				C55201441BD0DE7C007D96FE /* main.m in Sources */,
				C509ADF21CF8362F00671169 /* DraggableImageViewVC.swift in Sources */,
			);
			runOnlyForDeploymentPostprocessing = 0;
		};
		C55201541BD0DE7C007D96FE /* Sources */ = {
			isa = PBXSourcesBuildPhase;
			buildActionMask = 2147483647;
			files = (
				C552017A1BD10A3E007D96FE /* DynamicAlertVC.swift in Sources */,
				C55201831BD10C91007D96FE /* DynamicAlertAnimatedTrans.swift in Sources */,
				C55201871BD114A3007D96FE /* DynamicAlertPresentationC.swift in Sources */,
				C552018B1BD11531007D96FE /* DynamicAlertTransitionDelegate.swift in Sources */,
				C552015D1BD0DE7C007D96FE /* DynamicAnimatorExperimentsTests.m in Sources */,
			);
			runOnlyForDeploymentPostprocessing = 0;
		};
		C552015F1BD0DE7C007D96FE /* Sources */ = {
			isa = PBXSourcesBuildPhase;
			buildActionMask = 2147483647;
			files = (
				C552017B1BD10A3E007D96FE /* DynamicAlertVC.swift in Sources */,
				C55201841BD10C91007D96FE /* DynamicAlertAnimatedTrans.swift in Sources */,
				C55201881BD114A3007D96FE /* DynamicAlertPresentationC.swift in Sources */,
				C552018C1BD11531007D96FE /* DynamicAlertTransitionDelegate.swift in Sources */,
				C55201681BD0DE7C007D96FE /* DynamicAnimatorExperimentsUITests.m in Sources */,
			);
			runOnlyForDeploymentPostprocessing = 0;
		};
/* End PBXSourcesBuildPhase section */

/* Begin PBXTargetDependency section */
		C552015A1BD0DE7C007D96FE /* PBXTargetDependency */ = {
			isa = PBXTargetDependency;
			target = C552013E1BD0DE7C007D96FE /* DynamicAnimatorExperiments */;
			targetProxy = C55201591BD0DE7C007D96FE /* PBXContainerItemProxy */;
		};
		C55201651BD0DE7C007D96FE /* PBXTargetDependency */ = {
			isa = PBXTargetDependency;
			target = C552013E1BD0DE7C007D96FE /* DynamicAnimatorExperiments */;
			targetProxy = C55201641BD0DE7C007D96FE /* PBXContainerItemProxy */;
		};
/* End PBXTargetDependency section */

/* Begin PBXVariantGroup section */
		C552014B1BD0DE7C007D96FE /* Main.storyboard */ = {
			isa = PBXVariantGroup;
			children = (
				C552014C1BD0DE7C007D96FE /* Base */,
			);
			name = Main.storyboard;
			path = .;
			sourceTree = "<group>";
		};
		C55201501BD0DE7C007D96FE /* LaunchScreen.storyboard */ = {
			isa = PBXVariantGroup;
			children = (
				C55201511BD0DE7C007D96FE /* Base */,
			);
			name = LaunchScreen.storyboard;
			path = .;
			sourceTree = "<group>";
		};
/* End PBXVariantGroup section */

/* Begin XCBuildConfiguration section */
		C552016A1BD0DE7C007D96FE /* Debug */ = {
			isa = XCBuildConfiguration;
			buildSettings = {
				ALWAYS_SEARCH_USER_PATHS = NO;
				CLANG_CXX_LANGUAGE_STANDARD = "gnu++0x";
				CLANG_CXX_LIBRARY = "libc++";
				CLANG_ENABLE_MODULES = YES;
				CLANG_ENABLE_OBJC_ARC = YES;
				CLANG_WARN_BOOL_CONVERSION = YES;
				CLANG_WARN_CONSTANT_CONVERSION = YES;
				CLANG_WARN_DIRECT_OBJC_ISA_USAGE = YES_ERROR;
				CLANG_WARN_EMPTY_BODY = YES;
				CLANG_WARN_ENUM_CONVERSION = YES;
				CLANG_WARN_INT_CONVERSION = YES;
				CLANG_WARN_OBJC_ROOT_CLASS = YES_ERROR;
				CLANG_WARN_UNREACHABLE_CODE = YES;
				CLANG_WARN__DUPLICATE_METHOD_MATCH = YES;
				"CODE_SIGN_IDENTITY[sdk=iphoneos*]" = "iPhone Developer";
				COPY_PHASE_STRIP = NO;
				DEBUG_INFORMATION_FORMAT = dwarf;
				ENABLE_STRICT_OBJC_MSGSEND = YES;
				ENABLE_TESTABILITY = YES;
				GCC_C_LANGUAGE_STANDARD = gnu99;
				GCC_DYNAMIC_NO_PIC = NO;
				GCC_NO_COMMON_BLOCKS = YES;
				GCC_OPTIMIZATION_LEVEL = 0;
				GCC_PREPROCESSOR_DEFINITIONS = (
					"DEBUG=1",
					"$(inherited)",
				);
				GCC_WARN_64_TO_32_BIT_CONVERSION = YES;
				GCC_WARN_ABOUT_RETURN_TYPE = YES_ERROR;
				GCC_WARN_UNDECLARED_SELECTOR = YES;
				GCC_WARN_UNINITIALIZED_AUTOS = YES_AGGRESSIVE;
				GCC_WARN_UNUSED_FUNCTION = YES;
				GCC_WARN_UNUSED_VARIABLE = YES;
				IPHONEOS_DEPLOYMENT_TARGET = 8.4;
				MTL_ENABLE_DEBUG_INFO = YES;
				ONLY_ACTIVE_ARCH = YES;
				SDKROOT = iphoneos;
				TARGETED_DEVICE_FAMILY = "1,2";
			};
			name = Debug;
		};
		C552016B1BD0DE7C007D96FE /* Release */ = {
			isa = XCBuildConfiguration;
			buildSettings = {
				ALWAYS_SEARCH_USER_PATHS = NO;
				CLANG_CXX_LANGUAGE_STANDARD = "gnu++0x";
				CLANG_CXX_LIBRARY = "libc++";
				CLANG_ENABLE_MODULES = YES;
				CLANG_ENABLE_OBJC_ARC = YES;
				CLANG_WARN_BOOL_CONVERSION = YES;
				CLANG_WARN_CONSTANT_CONVERSION = YES;
				CLANG_WARN_DIRECT_OBJC_ISA_USAGE = YES_ERROR;
				CLANG_WARN_EMPTY_BODY = YES;
				CLANG_WARN_ENUM_CONVERSION = YES;
				CLANG_WARN_INT_CONVERSION = YES;
				CLANG_WARN_OBJC_ROOT_CLASS = YES_ERROR;
				CLANG_WARN_UNREACHABLE_CODE = YES;
				CLANG_WARN__DUPLICATE_METHOD_MATCH = YES;
				"CODE_SIGN_IDENTITY[sdk=iphoneos*]" = "iPhone Developer";
				COPY_PHASE_STRIP = NO;
				DEBUG_INFORMATION_FORMAT = "dwarf-with-dsym";
				ENABLE_NS_ASSERTIONS = NO;
				ENABLE_STRICT_OBJC_MSGSEND = YES;
				GCC_C_LANGUAGE_STANDARD = gnu99;
				GCC_NO_COMMON_BLOCKS = YES;
				GCC_WARN_64_TO_32_BIT_CONVERSION = YES;
				GCC_WARN_ABOUT_RETURN_TYPE = YES_ERROR;
				GCC_WARN_UNDECLARED_SELECTOR = YES;
				GCC_WARN_UNINITIALIZED_AUTOS = YES_AGGRESSIVE;
				GCC_WARN_UNUSED_FUNCTION = YES;
				GCC_WARN_UNUSED_VARIABLE = YES;
				IPHONEOS_DEPLOYMENT_TARGET = 8.4;
				MTL_ENABLE_DEBUG_INFO = NO;
				SDKROOT = iphoneos;
				TARGETED_DEVICE_FAMILY = "1,2";
				VALIDATE_PRODUCT = YES;
			};
			name = Release;
		};
		C552016D1BD0DE7C007D96FE /* Debug */ = {
			isa = XCBuildConfiguration;
			buildSettings = {
				ASSETCATALOG_COMPILER_APPICON_NAME = AppIcon;
				CLANG_ENABLE_MODULES = YES;
				CODE_SIGN_IDENTITY = "iPhone Developer";
				"CODE_SIGN_IDENTITY[sdk=iphoneos*]" = "iPhone Developer";
				INFOPLIST_FILE = DynamicAnimatorExperiments/Info.plist;
				LD_RUNPATH_SEARCH_PATHS = "$(inherited) @executable_path/Frameworks";
				PRODUCT_BUNDLE_IDENTIFIER = kievkao.DynamicAnimatorExperiments;
				PRODUCT_NAME = "$(TARGET_NAME)";
				PROVISIONING_PROFILE = "";
				SWIFT_OBJC_BRIDGING_HEADER = "DynamicAnimatorExperiments/DynamicAnimatorExperiments-Bridging-Header.h";
				SWIFT_OPTIMIZATION_LEVEL = "-Onone";
			};
			name = Debug;
		};
		C552016E1BD0DE7C007D96FE /* Release */ = {
			isa = XCBuildConfiguration;
			buildSettings = {
				ASSETCATALOG_COMPILER_APPICON_NAME = AppIcon;
				CLANG_ENABLE_MODULES = YES;
				CODE_SIGN_IDENTITY = "iPhone Developer";
				"CODE_SIGN_IDENTITY[sdk=iphoneos*]" = "iPhone Developer";
				INFOPLIST_FILE = DynamicAnimatorExperiments/Info.plist;
				LD_RUNPATH_SEARCH_PATHS = "$(inherited) @executable_path/Frameworks";
				PRODUCT_BUNDLE_IDENTIFIER = kievkao.DynamicAnimatorExperiments;
				PRODUCT_NAME = "$(TARGET_NAME)";
				PROVISIONING_PROFILE = "";
				SWIFT_OBJC_BRIDGING_HEADER = "DynamicAnimatorExperiments/DynamicAnimatorExperiments-Bridging-Header.h";
			};
			name = Release;
		};
		C55201701BD0DE7C007D96FE /* Debug */ = {
			isa = XCBuildConfiguration;
			buildSettings = {
				BUNDLE_LOADER = "$(TEST_HOST)";
				CLANG_ENABLE_MODULES = YES;
				INFOPLIST_FILE = DynamicAnimatorExperimentsTests/Info.plist;
				LD_RUNPATH_SEARCH_PATHS = "$(inherited) @executable_path/Frameworks @loader_path/Frameworks";
				PRODUCT_BUNDLE_IDENTIFIER = kievkao.DynamicAnimatorExperimentsTests;
				PRODUCT_NAME = "$(TARGET_NAME)";
				SWIFT_OBJC_BRIDGING_HEADER = "DynamicAnimatorExperiments/DynamicAnimatorExperimentsTests-Bridging-Header.h";
				SWIFT_OPTIMIZATION_LEVEL = "-Onone";
				TEST_HOST = "$(BUILT_PRODUCTS_DIR)/DynamicAnimatorExperiments.app/DynamicAnimatorExperiments";
			};
			name = Debug;
		};
		C55201711BD0DE7C007D96FE /* Release */ = {
			isa = XCBuildConfiguration;
			buildSettings = {
				BUNDLE_LOADER = "$(TEST_HOST)";
				CLANG_ENABLE_MODULES = YES;
				INFOPLIST_FILE = DynamicAnimatorExperimentsTests/Info.plist;
				LD_RUNPATH_SEARCH_PATHS = "$(inherited) @executable_path/Frameworks @loader_path/Frameworks";
				PRODUCT_BUNDLE_IDENTIFIER = kievkao.DynamicAnimatorExperimentsTests;
				PRODUCT_NAME = "$(TARGET_NAME)";
				SWIFT_OBJC_BRIDGING_HEADER = "DynamicAnimatorExperiments/DynamicAnimatorExperimentsTests-Bridging-Header.h";
				TEST_HOST = "$(BUILT_PRODUCTS_DIR)/DynamicAnimatorExperiments.app/DynamicAnimatorExperiments";
			};
			name = Release;
		};
		C55201731BD0DE7C007D96FE /* Debug */ = {
			isa = XCBuildConfiguration;
			buildSettings = {
				CLANG_ENABLE_MODULES = YES;
				INFOPLIST_FILE = DynamicAnimatorExperimentsUITests/Info.plist;
				LD_RUNPATH_SEARCH_PATHS = "$(inherited) @executable_path/Frameworks @loader_path/Frameworks";
				PRODUCT_BUNDLE_IDENTIFIER = kievkao.DynamicAnimatorExperimentsUITests;
				PRODUCT_NAME = "$(TARGET_NAME)";
				SWIFT_OBJC_BRIDGING_HEADER = "DynamicAnimatorExperiments/DynamicAnimatorExperimentsUITests-Bridging-Header.h";
				SWIFT_OPTIMIZATION_LEVEL = "-Onone";
				TEST_TARGET_NAME = DynamicAnimatorExperiments;
				USES_XCTRUNNER = YES;
			};
			name = Debug;
		};
		C55201741BD0DE7C007D96FE /* Release */ = {
			isa = XCBuildConfiguration;
			buildSettings = {
				CLANG_ENABLE_MODULES = YES;
				INFOPLIST_FILE = DynamicAnimatorExperimentsUITests/Info.plist;
				LD_RUNPATH_SEARCH_PATHS = "$(inherited) @executable_path/Frameworks @loader_path/Frameworks";
				PRODUCT_BUNDLE_IDENTIFIER = kievkao.DynamicAnimatorExperimentsUITests;
				PRODUCT_NAME = "$(TARGET_NAME)";
				SWIFT_OBJC_BRIDGING_HEADER = "DynamicAnimatorExperiments/DynamicAnimatorExperimentsUITests-Bridging-Header.h";
				TEST_TARGET_NAME = DynamicAnimatorExperiments;
				USES_XCTRUNNER = YES;
			};
			name = Release;
		};
/* End XCBuildConfiguration section */

/* Begin XCConfigurationList section */
		C552013A1BD0DE7C007D96FE /* Build configuration list for PBXProject "DynamicAnimatorExperiments" */ = {
			isa = XCConfigurationList;
			buildConfigurations = (
				C552016A1BD0DE7C007D96FE /* Debug */,
				C552016B1BD0DE7C007D96FE /* Release */,
			);
			defaultConfigurationIsVisible = 0;
			defaultConfigurationName = Release;
		};
		C552016C1BD0DE7C007D96FE /* Build configuration list for PBXNativeTarget "DynamicAnimatorExperiments" */ = {
			isa = XCConfigurationList;
			buildConfigurations = (
				C552016D1BD0DE7C007D96FE /* Debug */,
				C552016E1BD0DE7C007D96FE /* Release */,
			);
			defaultConfigurationIsVisible = 0;
			defaultConfigurationName = Release;
		};
		C552016F1BD0DE7C007D96FE /* Build configuration list for PBXNativeTarget "DynamicAnimatorExperimentsTests" */ = {
			isa = XCConfigurationList;
			buildConfigurations = (
				C55201701BD0DE7C007D96FE /* Debug */,
				C55201711BD0DE7C007D96FE /* Release */,
			);
			defaultConfigurationIsVisible = 0;
			defaultConfigurationName = Release;
		};
		C55201721BD0DE7C007D96FE /* Build configuration list for PBXNativeTarget "DynamicAnimatorExperimentsUITests" */ = {
			isa = XCConfigurationList;
			buildConfigurations = (
				C55201731BD0DE7C007D96FE /* Debug */,
				C55201741BD0DE7C007D96FE /* Release */,
			);
			defaultConfigurationIsVisible = 0;
			defaultConfigurationName = Release;
		};
/* End XCConfigurationList section */
	};
	rootObject = C55201371BD0DE7C007D96FE /* Project object */;
}
